
Microsoft Visual Studio Solution File, Format Version 12.00
# Visual Studio Version 17
VisualStudioVersion = 17.0.31903.59
MinimumVisualStudioVersion = 10.0.40219.1
Project("{FAE04EC0-301F-11D3-BF4B-00C04F79EFBC}") = "Domain", "Domain\Domain.csproj", "{0D8B0074-E67E-43E1-A163-8E27E4E63D1A}"
EndProject
Project("{FAE04EC0-301F-11D3-BF4B-00C04F79EFBC}") = "Application", "Application\Application.csproj", "{ED676B50-0141-4B97-88B5-91FE38DDEEBE}"
EndProject
Project("{FAE04EC0-301F-11D3-BF4B-00C04F79EFBC}") = "Data", "Data\Data.csproj", "{EDC03617-699D-4B30-825F-107B82EBCDC0}"
EndProject
Project("{FAE04EC0-301F-11D3-BF4B-00C04F79EFBC}") = "Infra", "Infra\Infra.csproj", "{50F3FC3A-1A82-42D6-AF76-FA2CC04B5A1D}"
EndProject
Project("{FAE04EC0-301F-11D3-BF4B-00C04F79EFBC}") = "WebUi", "WebUi\WebUi.csproj", "{235B442D-C9DF-47D5-9AFC-D10FCFFDC829}"
EndProject
Global
	GlobalSection(SolutionConfigurationPlatforms) = preSolution
		Debug|Any CPU = Debug|Any CPU
		Release|Any CPU = Release|Any CPU
	EndGlobalSection
	GlobalSection(SolutionProperties) = preSolution
		HideSolutionNode = FALSE
	EndGlobalSection
	GlobalSection(ProjectConfigurationPlatforms) = postSolution
		{0D8B0074-E67E-43E1-A163-8E27E4E63D1A}.Debug|Any CPU.ActiveCfg = Debug|Any CPU
		{0D8B0074-E67E-43E1-A163-8E27E4E63D1A}.Debug|Any CPU.Build.0 = Debug|Any CPU
		{0D8B0074-E67E-43E1-A163-8E27E4E63D1A}.Release|Any CPU.ActiveCfg = Release|Any CPU
		{0D8B0074-E67E-43E1-A163-8E27E4E63D1A}.Release|Any CPU.Build.0 = Release|Any CPU
		{ED676B50-0141-4B97-88B5-91FE38DDEEBE}.Debug|Any CPU.ActiveCfg = Debug|Any CPU
		{ED676B50-0141-4B97-88B5-91FE38DDEEBE}.Debug|Any CPU.Build.0 = Debug|Any CPU
		{ED676B50-0141-4B97-88B5-91FE38DDEEBE}.Release|Any CPU.ActiveCfg = Release|Any CPU
		{ED676B50-0141-4B97-88B5-91FE38DDEEBE}.Release|Any CPU.Build.0 = Release|Any CPU
		{EDC03617-699D-4B30-825F-107B82EBCDC0}.Debug|Any CPU.ActiveCfg = Debug|Any CPU
		{EDC03617-699D-4B30-825F-107B82EBCDC0}.Debug|Any CPU.Build.0 = Debug|Any CPU
		{EDC03617-699D-4B30-825F-107B82EBCDC0}.Release|Any CPU.ActiveCfg = Release|Any CPU
		{EDC03617-699D-4B30-825F-107B82EBCDC0}.Release|Any CPU.Build.0 = Release|Any CPU
		{50F3FC3A-1A82-42D6-AF76-FA2CC04B5A1D}.Debug|Any CPU.ActiveCfg = Debug|Any CPU
		{50F3FC3A-1A82-42D6-AF76-FA2CC04B5A1D}.Debug|Any CPU.Build.0 = Debug|Any CPU
		{50F3FC3A-1A82-42D6-AF76-FA2CC04B5A1D}.Release|Any CPU.ActiveCfg = Release|Any CPU
		{50F3FC3A-1A82-42D6-AF76-FA2CC04B5A1D}.Release|Any CPU.Build.0 = Release|Any CPU
		{235B442D-C9DF-47D5-9AFC-D10FCFFDC829}.Debug|Any CPU.ActiveCfg = Debug|Any CPU
		{235B442D-C9DF-47D5-9AFC-D10FCFFDC829}.Debug|Any CPU.Build.0 = Debug|Any CPU
		{235B442D-C9DF-47D5-9AFC-D10FCFFDC829}.Release|Any CPU.ActiveCfg = Release|Any CPU
		{235B442D-C9DF-47D5-9AFC-D10FCFFDC829}.Release|Any CPU.Build.0 = Release|Any CPU
	EndGlobalSection
EndGlobal
